
Microsoft Visual Studio Solution File, Format Version 12.00
# Visual Studio Version 16
VisualStudioVersion = 16.0.30413.136
MinimumVisualStudioVersion = 10.0.40219.1
Project("{8BC9CEB8-8B4A-11D0-8D11-00A0C91BC942}") = "HW2_alt1", "HW2_alt1.vcxproj", "{AECF98A6-BCC8-4D28-9FB2-6CB9220BCEDC}"
EndProject
Global
	GlobalSection(SolutionConfigurationPlatforms) = preSolution
		Debug|x64 = Debug|x64
		Debug|x86 = Debug|x86
		Release|x64 = Release|x64
		Release|x86 = Release|x86
	EndGlobalSection
	GlobalSection(ProjectConfigurationPlatforms) = postSolution
		{AECF98A6-BCC8-4D28-9FB2-6CB9220BCEDC}.Debug|x64.ActiveCfg = Debug|x64
		{AECF98A6-BCC8-4D28-9FB2-6CB9220BCEDC}.Debug|x64.Build.0 = Debug|x64
		{AECF98A6-BCC8-4D28-9FB2-6CB9220BCEDC}.Debug|x86.ActiveCfg = Debug|Win32
		{AECF98A6-BCC8-4D28-9FB2-6CB9220BCEDC}.Debug|x86.Build.0 = Debug|Win32
		{AECF98A6-BCC8-4D28-9FB2-6CB9220BCEDC}.Release|x64.ActiveCfg = Release|x64
		{AECF98A6-BCC8-4D28-9FB2-6CB9220BCEDC}.Release|x64.Build.0 = Release|x64
		{AECF98A6-BCC8-4D28-9FB2-6CB9220BCEDC}.Release|x86.ActiveCfg = Release|Win32
		{AECF98A6-BCC8-4D28-9FB2-6CB9220BCEDC}.Release|x86.Build.0 = Release|Win32
	EndGlobalSection
	GlobalSection(SolutionProperties) = preSolution
		HideSolutionNode = FALSE
	EndGlobalSection
	GlobalSection(ExtensibilityGlobals) = postSolution
		SolutionGuid = {86F8FD8C-F1C5-46D9-953F-7B9C4F4179B0}
	EndGlobalSection
EndGlobal
